
Microsoft Visual Studio Solution File, Format Version 12.00
# Visual Studio Version 17
VisualStudioVersion = 17.14.36511.14 d17.14
MinimumVisualStudioVersion = 10.0.40219.1
Project("{FAE04EC0-301F-11D3-BF4B-00C04F79EFBC}") = "hotelResort", "hotelResort\hotelResort.csproj", "{29CAB0D4-A592-4090-8653-31F89B70592A}"
EndProject
Global
	GlobalSection(SolutionConfigurationPlatforms) = preSolution
		Debug|Any CPU = Debug|Any CPU
		Release|Any CPU = Release|Any CPU
	EndGlobalSection
	GlobalSection(ProjectConfigurationPlatforms) = postSolution
		{29CAB0D4-A592-4090-8653-31F89B70592A}.Debug|Any CPU.ActiveCfg = Debug|Any CPU
		{29CAB0D4-A592-4090-8653-31F89B70592A}.Debug|Any CPU.Build.0 = Debug|Any CPU
		{29CAB0D4-A592-4090-8653-31F89B70592A}.Release|Any CPU.ActiveCfg = Release|Any CPU
		{29CAB0D4-A592-4090-8653-31F89B70592A}.Release|Any CPU.Build.0 = Release|Any CPU
	EndGlobalSection
	GlobalSection(SolutionProperties) = preSolution
		HideSolutionNode = FALSE
	EndGlobalSection
	GlobalSection(ExtensibilityGlobals) = postSolution
		SolutionGuid = {451B97EF-E711-490C-97F3-2A36B54AF703}
	EndGlobalSection
EndGlobal
